
Microsoft Visual Studio Solution File, Format Version 12.00
# Visual Studio Version 17
VisualStudioVersion = 17.0.31919.166
MinimumVisualStudioVersion = 10.0.40219.1
Project("{FAE04EC0-301F-11D3-BF4B-00C04F79EFBC}") = "Whack-a-Mole", "Whack-a-Mole\Whack-a-Mole.csproj", "{BAE382F4-CE53-47A5-96EC-410CE0B91122}"
EndProject
Global
	GlobalSection(SolutionConfigurationPlatforms) = preSolution
		Debug|Any CPU = Debug|Any CPU
		Release|Any CPU = Release|Any CPU
	EndGlobalSection
	GlobalSection(ProjectConfigurationPlatforms) = postSolution
		{BAE382F4-CE53-47A5-96EC-410CE0B91122}.Debug|Any CPU.ActiveCfg = Debug|Any CPU
		{BAE382F4-CE53-47A5-96EC-410CE0B91122}.Debug|Any CPU.Build.0 = Debug|Any CPU
		{BAE382F4-CE53-47A5-96EC-410CE0B91122}.Release|Any CPU.ActiveCfg = Release|Any CPU
		{BAE382F4-CE53-47A5-96EC-410CE0B91122}.Release|Any CPU.Build.0 = Release|Any CPU
	EndGlobalSection
	GlobalSection(SolutionProperties) = preSolution
		HideSolutionNode = FALSE
	EndGlobalSection
	GlobalSection(ExtensibilityGlobals) = postSolution
		SolutionGuid = {83DBD9CD-293F-42C4-A27A-C2172D3D70D4}
	EndGlobalSection
EndGlobal
